
Microsoft Visual Studio Solution File, Format Version 12.00
# Visual Studio Version 17
VisualStudioVersion = 17.10.35122.118
MinimumVisualStudioVersion = 10.0.40219.1
Project("{9A19103F-16F7-4668-BE54-9A1E7A4F7556}") = "DynIpUpdater", "src\DynIpUpdater.csproj", "{DA0799D9-8C59-49EC-8C9A-F87DC3E3997F}"
EndProject
Global
	GlobalSection(SolutionConfigurationPlatforms) = preSolution
		Debug|Any CPU = Debug|Any CPU
		Release|Any CPU = Release|Any CPU
	EndGlobalSection
	GlobalSection(ProjectConfigurationPlatforms) = postSolution
		{DA0799D9-8C59-49EC-8C9A-F87DC3E3997F}.Debug|Any CPU.ActiveCfg = Debug|Any CPU
		{DA0799D9-8C59-49EC-8C9A-F87DC3E3997F}.Debug|Any CPU.Build.0 = Debug|Any CPU
		{DA0799D9-8C59-49EC-8C9A-F87DC3E3997F}.Release|Any CPU.ActiveCfg = Release|Any CPU
		{DA0799D9-8C59-49EC-8C9A-F87DC3E3997F}.Release|Any CPU.Build.0 = Release|Any CPU
	EndGlobalSection
	GlobalSection(SolutionProperties) = preSolution
		HideSolutionNode = FALSE
	EndGlobalSection
	GlobalSection(ExtensibilityGlobals) = postSolution
		SolutionGuid = {D77D06DB-B358-46CB-9D91-8FBC21D10737}
	EndGlobalSection
EndGlobal
